
Microsoft Visual Studio Solution File, Format Version 12.00
# Visual Studio 15
VisualStudioVersion = 15.0.28010.2036
MinimumVisualStudioVersion = 10.0.40219.1
Project("{8BC9CEB8-8B4A-11D0-8D11-00A0C91BC942}") = "ArmRobot", "ArmRobot\ArmRobot.vcxproj", "{7999E1CE-D8CD-4939-9A26-615A3206816C}"
EndProject
Global
	GlobalSection(SolutionConfigurationPlatforms) = preSolution
		Debug|x64 = Debug|x64
		Debug|x86 = Debug|x86
		Release|x64 = Release|x64
		Release|x86 = Release|x86
	EndGlobalSection
	GlobalSection(ProjectConfigurationPlatforms) = postSolution
		{7999E1CE-D8CD-4939-9A26-615A3206816C}.Debug|x64.ActiveCfg = Debug|x64
		{7999E1CE-D8CD-4939-9A26-615A3206816C}.Debug|x64.Build.0 = Debug|x64
		{7999E1CE-D8CD-4939-9A26-615A3206816C}.Debug|x86.ActiveCfg = Debug|Win32
		{7999E1CE-D8CD-4939-9A26-615A3206816C}.Debug|x86.Build.0 = Debug|Win32
		{7999E1CE-D8CD-4939-9A26-615A3206816C}.Release|x64.ActiveCfg = Release|x64
		{7999E1CE-D8CD-4939-9A26-615A3206816C}.Release|x64.Build.0 = Release|x64
		{7999E1CE-D8CD-4939-9A26-615A3206816C}.Release|x86.ActiveCfg = Release|Win32
		{7999E1CE-D8CD-4939-9A26-615A3206816C}.Release|x86.Build.0 = Release|Win32
	EndGlobalSection
	GlobalSection(SolutionProperties) = preSolution
		HideSolutionNode = FALSE
	EndGlobalSection
	GlobalSection(ExtensibilityGlobals) = postSolution
		SolutionGuid = {6DC8D2D5-A1D4-4548-9680-77DB5C876A7A}
	EndGlobalSection
EndGlobal
